
Microsoft Visual Studio Solution File, Format Version 12.00
# Visual Studio 15
VisualStudioVersion = 15.0.28010.2026
MinimumVisualStudioVersion = 10.0.40219.1
Project("{FAE04EC0-301F-11D3-BF4B-00C04F79EFBC}") = "WPFUI", "WPFUI\WPFUI.csproj", "{3F5A5436-103A-4C99-99F2-BFF10A07E39C}"
EndProject
Project("{FAE04EC0-301F-11D3-BF4B-00C04F79EFBC}") = "Resources", "Resources\Resources.csproj", "{11FE1E5F-DAEA-4B80-A7AA-770180B7ED89}"
EndProject
Project("{FAE04EC0-301F-11D3-BF4B-00C04F79EFBC}") = "DungeonBuddy", "DungeonBuddy\DungeonBuddy.csproj", "{30C9567B-D722-453C-B3E8-0BA5984AF8C1}"
EndProject
Global
	GlobalSection(SolutionConfigurationPlatforms) = preSolution
		Debug|Any CPU = Debug|Any CPU
		Release|Any CPU = Release|Any CPU
	EndGlobalSection
	GlobalSection(ProjectConfigurationPlatforms) = postSolution
		{3F5A5436-103A-4C99-99F2-BFF10A07E39C}.Debug|Any CPU.ActiveCfg = Debug|Any CPU
		{3F5A5436-103A-4C99-99F2-BFF10A07E39C}.Debug|Any CPU.Build.0 = Debug|Any CPU
		{3F5A5436-103A-4C99-99F2-BFF10A07E39C}.Release|Any CPU.ActiveCfg = Release|Any CPU
		{3F5A5436-103A-4C99-99F2-BFF10A07E39C}.Release|Any CPU.Build.0 = Release|Any CPU
		{11FE1E5F-DAEA-4B80-A7AA-770180B7ED89}.Debug|Any CPU.ActiveCfg = Debug|Any CPU
		{11FE1E5F-DAEA-4B80-A7AA-770180B7ED89}.Debug|Any CPU.Build.0 = Debug|Any CPU
		{11FE1E5F-DAEA-4B80-A7AA-770180B7ED89}.Release|Any CPU.ActiveCfg = Release|Any CPU
		{11FE1E5F-DAEA-4B80-A7AA-770180B7ED89}.Release|Any CPU.Build.0 = Release|Any CPU
		{30C9567B-D722-453C-B3E8-0BA5984AF8C1}.Debug|Any CPU.ActiveCfg = Debug|Any CPU
		{30C9567B-D722-453C-B3E8-0BA5984AF8C1}.Debug|Any CPU.Build.0 = Debug|Any CPU
		{30C9567B-D722-453C-B3E8-0BA5984AF8C1}.Release|Any CPU.ActiveCfg = Release|Any CPU
		{30C9567B-D722-453C-B3E8-0BA5984AF8C1}.Release|Any CPU.Build.0 = Release|Any CPU
	EndGlobalSection
	GlobalSection(SolutionProperties) = preSolution
		HideSolutionNode = FALSE
	EndGlobalSection
	GlobalSection(ExtensibilityGlobals) = postSolution
		SolutionGuid = {6C31102A-76DA-44EA-AD36-874F1B0FE46E}
	EndGlobalSection
EndGlobal
